
Microsoft Visual Studio Solution File, Format Version 12.00
# Visual Studio Version 16
VisualStudioVersion = 16.0.30114.105
MinimumVisualStudioVersion = 10.0.40219.1
Project("{FAE04EC0-301F-11D3-BF4B-00C04F79EFBC}") = "Cine FinalProject", "Cine FinalProject.csproj", "{20F665DF-E74C-4AFC-B797-108D8BDC0559}"
EndProject
Global
	GlobalSection(SolutionConfigurationPlatforms) = preSolution
		Debug|Any CPU = Debug|Any CPU
		Release|Any CPU = Release|Any CPU
	EndGlobalSection
	GlobalSection(ProjectConfigurationPlatforms) = postSolution
		{20F665DF-E74C-4AFC-B797-108D8BDC0559}.Debug|Any CPU.ActiveCfg = Debug|Any CPU
		{20F665DF-E74C-4AFC-B797-108D8BDC0559}.Debug|Any CPU.Build.0 = Debug|Any CPU
		{20F665DF-E74C-4AFC-B797-108D8BDC0559}.Release|Any CPU.ActiveCfg = Release|Any CPU
		{20F665DF-E74C-4AFC-B797-108D8BDC0559}.Release|Any CPU.Build.0 = Release|Any CPU
	EndGlobalSection
	GlobalSection(SolutionProperties) = preSolution
		HideSolutionNode = FALSE
	EndGlobalSection
	GlobalSection(ExtensibilityGlobals) = postSolution
		SolutionGuid = {7825E111-8BAD-458E-B4DC-E5C812E81A0A}
	EndGlobalSection
EndGlobal
